// !$*UTF8*$!
{
	archiveVersion = 1;
	classes = {
	};
	objectVersion = 55;
	objects = {

/* Begin PBXBuildFile section */
		5B1091EBD2349FDA6ADC15D8 /* Pods_App20220313Email.framework in Frameworks */ = {isa = PBXBuildFile; fileRef = 7FC8DF30C5A994F65B131E23 /* Pods_App20220313Email.framework */; };
		65C4BF6C27DDC01F009C9B42 /* AppDelegate.swift in Sources */ = {isa = PBXBuildFile; fileRef = 65C4BF6B27DDC01F009C9B42 /* AppDelegate.swift */; };
		65C4BF6E27DDC01F009C9B42 /* SceneDelegate.swift in Sources */ = {isa = PBXBuildFile; fileRef = 65C4BF6D27DDC01F009C9B42 /* SceneDelegate.swift */; };
		65C4BF7027DDC01F009C9B42 /* ViewController.swift in Sources */ = {isa = PBXBuildFile; fileRef = 65C4BF6F27DDC01F009C9B42 /* ViewController.swift */; };
		65C4BF7327DDC01F009C9B42 /* Main.storyboard in Resources */ = {isa = PBXBuildFile; fileRef = 65C4BF7127DDC01F009C9B42 /* Main.storyboard */; };
		65C4BF7527DDC022009C9B42 /* Assets.xcassets in Resources */ = {isa = PBXBuildFile; fileRef = 65C4BF7427DDC022009C9B42 /* Assets.xcassets */; };
		65C4BF7827DDC022009C9B42 /* LaunchScreen.storyboard in Resources */ = {isa = PBXBuildFile; fileRef = 65C4BF7627DDC022009C9B42 /* LaunchScreen.storyboard */; };
		65C4BF8027DDC12B009C9B42 /* GoogleService-Info.plist in Resources */ = {isa = PBXBuildFile; fileRef = 65C4BF7F27DDC12B009C9B42 /* GoogleService-Info.plist */; };
		65C4BF8227DDC994009C9B42 /* CreateAccountViewController.swift in Sources */ = {isa = PBXBuildFile; fileRef = 65C4BF8127DDC994009C9B42 /* CreateAccountViewController.swift */; };
/* End PBXBuildFile section */

/* Begin PBXFileReference section */
		3D4DEA969A283AAFF92E4D34 /* Pods-App20220313Email.release.xcconfig */ = {isa = PBXFileReference; includeInIndex = 1; lastKnownFileType = text.xcconfig; name = "Pods-App20220313Email.release.xcconfig"; path = "Target Support Files/Pods-App20220313Email/Pods-App20220313Email.release.xcconfig"; sourceTree = "<group>"; };
		65C4BF6827DDC01F009C9B42 /* App20220313Email.app */ = {isa = PBXFileReference; explicitFileType = wrapper.application; includeInIndex = 0; path = App20220313Email.app; sourceTree = BUILT_PRODUCTS_DIR; };
		65C4BF6B27DDC01F009C9B42 /* AppDelegate.swift */ = {isa = PBXFileReference; lastKnownFileType = sourcecode.swift; path = AppDelegate.swift; sourceTree = "<group>"; };
		65C4BF6D27DDC01F009C9B42 /* SceneDelegate.swift */ = {isa = PBXFileReference; lastKnownFileType = sourcecode.swift; path = SceneDelegate.swift; sourceTree = "<group>"; };
		65C4BF6F27DDC01F009C9B42 /* ViewController.swift */ = {isa = PBXFileReference; lastKnownFileType = sourcecode.swift; path = ViewController.swift; sourceTree = "<group>"; };
		65C4BF7227DDC01F009C9B42 /* Base */ = {isa = PBXFileReference; lastKnownFileType = file.storyboard; name = Base; path = Base.lproj/Main.storyboard; sourceTree = "<group>"; };
		65C4BF7427DDC022009C9B42 /* Assets.xcassets */ = {isa = PBXFileReference; lastKnownFileType = folder.assetcatalog; path = Assets.xcassets; sourceTree = "<group>"; };
		65C4BF7727DDC022009C9B42 /* Base */ = {isa = PBXFileReference; lastKnownFileType = file.storyboard; name = Base; path = Base.lproj/LaunchScreen.storyboard; sourceTree = "<group>"; };
		65C4BF7927DDC022009C9B42 /* Info.plist */ = {isa = PBXFileReference; lastKnownFileType = text.plist.xml; path = Info.plist; sourceTree = "<group>"; };
		65C4BF7F27DDC12B009C9B42 /* GoogleService-Info.plist */ = {isa = PBXFileReference; fileEncoding = 4; lastKnownFileType = text.plist.xml; path = "GoogleService-Info.plist"; sourceTree = "<group>"; };
		65C4BF8127DDC994009C9B42 /* CreateAccountViewController.swift */ = {isa = PBXFileReference; lastKnownFileType = sourcecode.swift; path = CreateAccountViewController.swift; sourceTree = "<group>"; };
		7FC8DF30C5A994F65B131E23 /* Pods_App20220313Email.framework */ = {isa = PBXFileReference; explicitFileType = wrapper.framework; includeInIndex = 0; path = Pods_App20220313Email.framework; sourceTree = BUILT_PRODUCTS_DIR; };
		878770FC184546BB0CE059C4 /* Pods-App20220313Email.debug.xcconfig */ = {isa = PBXFileReference; includeInIndex = 1; lastKnownFileType = text.xcconfig; name = "Pods-App20220313Email.debug.xcconfig"; path = "Target Support Files/Pods-App20220313Email/Pods-App20220313Email.debug.xcconfig"; sourceTree = "<group>"; };
/* End PBXFileReference section */

/* Begin PBXFrameworksBuildPhase section */
		65C4BF6527DDC01F009C9B42 /* Frameworks */ = {
			isa = PBXFrameworksBuildPhase;
			buildActionMask = 2147483647;
			files = (
				5B1091EBD2349FDA6ADC15D8 /* Pods_App20220313Email.framework in Frameworks */,
			);
			runOnlyForDeploymentPostprocessing = 0;
		};
/* End PBXFrameworksBuildPhase section */

/* Begin PBXGroup section */
		382F79A5073EC926DA8DE626 /* Pods */ = {
			isa = PBXGroup;
			children = (
				878770FC184546BB0CE059C4 /* Pods-App20220313Email.debug.xcconfig */,
				3D4DEA969A283AAFF92E4D34 /* Pods-App20220313Email.release.xcconfig */,
			);
			path = Pods;
			sourceTree = "<group>";
		};
		65C4BF5F27DDC01F009C9B42 = {
			isa = PBXGroup;
			children = (
				65C4BF6A27DDC01F009C9B42 /* App20220313Email */,
				65C4BF6927DDC01F009C9B42 /* Products */,
				382F79A5073EC926DA8DE626 /* Pods */,
				BF06B785EC14CB6A2C3231BF /* Frameworks */,
			);
			sourceTree = "<group>";
		};
		65C4BF6927DDC01F009C9B42 /* Products */ = {
			isa = PBXGroup;
			children = (
				65C4BF6827DDC01F009C9B42 /* App20220313Email.app */,
			);
			name = Products;
			sourceTree = "<group>";
		};
		65C4BF6A27DDC01F009C9B42 /* App20220313Email */ = {
			isa = PBXGroup;
			children = (
				65C4BF7F27DDC12B009C9B42 /* GoogleService-Info.plist */,
				65C4BF6B27DDC01F009C9B42 /* AppDelegate.swift */,
				65C4BF6D27DDC01F009C9B42 /* SceneDelegate.swift */,
				65C4BF6F27DDC01F009C9B42 /* ViewController.swift */,
				65C4BF8127DDC994009C9B42 /* CreateAccountViewController.swift */,
				65C4BF7127DDC01F009C9B42 /* Main.storyboard */,
				65C4BF7427DDC022009C9B42 /* Assets.xcassets */,
				65C4BF7627DDC022009C9B42 /* LaunchScreen.storyboard */,
				65C4BF7927DDC022009C9B42 /* Info.plist */,
			);
			path = App20220313Email;
			sourceTree = "<group>";
		};
		BF06B785EC14CB6A2C3231BF /* Frameworks */ = {
			isa = PBXGroup;
			children = (
				7FC8DF30C5A994F65B131E23 /* Pods_App20220313Email.framework */,
			);
			name = Frameworks;
			sourceTree = "<group>";
		};
/* End PBXGroup section */

/* Begin PBXNativeTarget section */
		65C4BF6727DDC01F009C9B42 /* App20220313Email */ = {
			isa = PBXNativeTarget;
			buildConfigurationList = 65C4BF7C27DDC022009C9B42 /* Build configuration list for PBXNativeTarget "App20220313Email" */;
			buildPhases = (
				E2E7221CB57F78CEEA40053F /* [CP] Check Pods Manifest.lock */,
				65C4BF6427DDC01F009C9B42 /* Sources */,
				65C4BF6527DDC01F009C9B42 /* Frameworks */,
				65C4BF6627DDC01F009C9B42 /* Resources */,
				CB07C25F94AFA5FDC3FF1BE5 /* [CP] Embed Pods Frameworks */,
			);
			buildRules = (
			);
			dependencies = (
			);
			name = App20220313Email;
			productName = App20220313Email;
			productReference = 65C4BF6827DDC01F009C9B42 /* App20220313Email.app */;
			productType = "com.apple.product-type.application";
		};
/* End PBXNativeTarget section */

/* Begin PBXProject section */
		65C4BF6027DDC01F009C9B42 /* Project object */ = {
			isa = PBXProject;
			attributes = {
				BuildIndependentTargetsInParallel = 1;
				LastSwiftUpdateCheck = 1320;
				LastUpgradeCheck = 1320;
				TargetAttributes = {
					65C4BF6727DDC01F009C9B42 = {
						CreatedOnToolsVersion = 13.2.1;
					};
				};
			};
			buildConfigurationList = 65C4BF6327DDC01F009C9B42 /* Build configuration list for PBXProject "App20220313Email" */;
			compatibilityVersion = "Xcode 13.0";
			developmentRegion = en;
			hasScannedForEncodings = 0;
			knownRegions = (
				en,
				Base,
			);
			mainGroup = 65C4BF5F27DDC01F009C9B42;
			productRefGroup = 65C4BF6927DDC01F009C9B42 /* Products */;
			projectDirPath = "";
			projectRoot = "";
			targets = (
				65C4BF6727DDC01F009C9B42 /* App20220313Email */,
			);
		};
/* End PBXProject section */

/* Begin PBXResourcesBuildPhase section */
		65C4BF6627DDC01F009C9B42 /* Resources */ = {
			isa = PBXResourcesBuildPhase;
			buildActionMask = 2147483647;
			files = (
				65C4BF7827DDC022009C9B42 /* LaunchScreen.storyboard in Resources */,
				65C4BF8027DDC12B009C9B42 /* GoogleService-Info.plist in Resources */,
				65C4BF7527DDC022009C9B42 /* Assets.xcassets in Resources */,
				65C4BF7327DDC01F009C9B42 /* Main.storyboard in Resources */,
			);
			runOnlyForDeploymentPostprocessing = 0;
		};
/* End PBXResourcesBuildPhase section */

/* Begin PBXShellScriptBuildPhase section */
		CB07C25F94AFA5FDC3FF1BE5 /* [CP] Embed Pods Frameworks */ = {
			isa = PBXShellScriptBuildPhase;
			buildActionMask = 2147483647;
			files = (
			);
			inputFileListPaths = (
				"${PODS_ROOT}/Target Support Files/Pods-App20220313Email/Pods-App20220313Email-frameworks-${CONFIGURATION}-input-files.xcfilelist",
			);
			name = "[CP] Embed Pods Frameworks";
			outputFileListPaths = (
				"${PODS_ROOT}/Target Support Files/Pods-App20220313Email/Pods-App20220313Email-frameworks-${CONFIGURATION}-output-files.xcfilelist",
			);
			runOnlyForDeploymentPostprocessing = 0;
			shellPath = /bin/sh;
			shellScript = "\"${PODS_ROOT}/Target Support Files/Pods-App20220313Email/Pods-App20220313Email-frameworks.sh\"\n";
			showEnvVarsInLog = 0;
		};
		E2E7221CB57F78CEEA40053F /* [CP] Check Pods Manifest.lock */ = {
			isa = PBXShellScriptBuildPhase;
			buildActionMask = 2147483647;
			files = (
			);
			inputFileListPaths = (
			);
			inputPaths = (
				"${PODS_PODFILE_DIR_PATH}/Podfile.lock",
				"${PODS_ROOT}/Manifest.lock",
			);
			name = "[CP] Check Pods Manifest.lock";
			outputFileListPaths = (
			);
			outputPaths = (
				"$(DERIVED_FILE_DIR)/Pods-App20220313Email-checkManifestLockResult.txt",
			);
			runOnlyForDeploymentPostprocessing = 0;
			shellPath = /bin/sh;
			shellScript = "diff \"${PODS_PODFILE_DIR_PATH}/Podfile.lock\" \"${PODS_ROOT}/Manifest.lock\" > /dev/null\nif [ $? != 0 ] ; then\n    # print error to STDERR\n    echo \"error: The sandbox is not in sync with the Podfile.lock. Run 'pod install' or update your CocoaPods installation.\" >&2\n    exit 1\nfi\n# This output is used by Xcode 'outputs' to avoid re-running this script phase.\necho \"SUCCESS\" > \"${SCRIPT_OUTPUT_FILE_0}\"\n";
			showEnvVarsInLog = 0;
		};
/* End PBXShellScriptBuildPhase section */

/* Begin PBXSourcesBuildPhase section */
		65C4BF6427DDC01F009C9B42 /* Sources */ = {
			isa = PBXSourcesBuildPhase;
			buildActionMask = 2147483647;
			files = (
				65C4BF8227DDC994009C9B42 /* CreateAccountViewController.swift in Sources */,
				65C4BF7027DDC01F009C9B42 /* ViewController.swift in Sources */,
				65C4BF6C27DDC01F009C9B42 /* AppDelegate.swift in Sources */,
				65C4BF6E27DDC01F009C9B42 /* SceneDelegate.swift in Sources */,
			);
			runOnlyForDeploymentPostprocessing = 0;
		};
/* End PBXSourcesBuildPhase section */

/* Begin PBXVariantGroup section */
		65C4BF7127DDC01F009C9B42 /* Main.storyboard */ = {
			isa = PBXVariantGroup;
			children = (
				65C4BF7227DDC01F009C9B42 /* Base */,
			);
			name = Main.storyboard;
			sourceTree = "<group>";
		};
		65C4BF7627DDC022009C9B42 /* LaunchScreen.storyboard */ = {
			isa = PBXVariantGroup;
			children = (
				65C4BF7727DDC022009C9B42 /* Base */,
			);
			name = LaunchScreen.storyboard;
			sourceTree = "<group>";
		};
/* End PBXVariantGroup section */

/* Begin XCBuildConfiguration section */
		65C4BF7A27DDC022009C9B42 /* Debug */ = {
			isa = XCBuildConfiguration;
			buildSettings = {
				ALWAYS_SEARCH_USER_PATHS = NO;
				CLANG_ANALYZER_NONNULL = YES;
				CLANG_ANALYZER_NUMBER_OBJECT_CONVERSION = YES_AGGRESSIVE;
				CLANG_CXX_LANGUAGE_STANDARD = "gnu++17";
				CLANG_CXX_LIBRARY = "libc++";
				CLANG_ENABLE_MODULES = YES;
				CLANG_ENABLE_OBJC_ARC = YES;
				CLANG_ENABLE_OBJC_WEAK = YES;
				CLANG_WARN_BLOCK_CAPTURE_AUTORELEASING = YES;
				CLANG_WARN_BOOL_CONVERSION = YES;
				CLANG_WARN_COMMA = YES;
				CLANG_WARN_CONSTANT_CONVERSION = YES;
				CLANG_WARN_DEPRECATED_OBJC_IMPLEMENTATIONS = YES;
				CLANG_WARN_DIRECT_OBJC_ISA_USAGE = YES_ERROR;
				CLANG_WARN_DOCUMENTATION_COMMENTS = YES;
				CLANG_WARN_EMPTY_BODY = YES;
				CLANG_WARN_ENUM_CONVERSION = YES;
				CLANG_WARN_INFINITE_RECURSION = YES;
				CLANG_WARN_INT_CONVERSION = YES;
				CLANG_WARN_NON_LITERAL_NULL_CONVERSION = YES;
				CLANG_WARN_OBJC_IMPLICIT_RETAIN_SELF = YES;
				CLANG_WARN_OBJC_LITERAL_CONVERSION = YES;
				CLANG_WARN_OBJC_ROOT_CLASS = YES_ERROR;
				CLANG_WARN_QUOTED_INCLUDE_IN_FRAMEWORK_HEADER = YES;
				CLANG_WARN_RANGE_LOOP_ANALYSIS = YES;
				CLANG_WARN_STRICT_PROTOTYPES = YES;
				CLANG_WARN_SUSPICIOUS_MOVE = YES;
				CLANG_WARN_UNGUARDED_AVAILABILITY = YES_AGGRESSIVE;
				CLANG_WARN_UNREACHABLE_CODE = YES;
				CLANG_WARN__DUPLICATE_METHOD_MATCH = YES;
				COPY_PHASE_STRIP = NO;
				DEBUG_INFORMATION_FORMAT = dwarf;
				ENABLE_STRICT_OBJC_MSGSEND = YES;
				ENABLE_TESTABILITY = YES;
				GCC_C_LANGUAGE_STANDARD = gnu11;
				GCC_DYNAMIC_NO_PIC = NO;
				GCC_NO_COMMON_BLOCKS = YES;
				GCC_OPTIMIZATION_LEVEL = 0;
				GCC_PREPROCESSOR_DEFINITIONS = (
					"DEBUG=1",
					"$(inherited)",
				);
				GCC_WARN_64_TO_32_BIT_CONVERSION = YES;
				GCC_WARN_ABOUT_RETURN_TYPE = YES_ERROR;
				GCC_WARN_UNDECLARED_SELECTOR = YES;
				GCC_WARN_UNINITIALIZED_AUTOS = YES_AGGRESSIVE;
				GCC_WARN_UNUSED_FUNCTION = YES;
				GCC_WARN_UNUSED_VARIABLE = YES;
				IPHONEOS_DEPLOYMENT_TARGET = 15.2;
				MTL_ENABLE_DEBUG_INFO = INCLUDE_SOURCE;
				MTL_FAST_MATH = YES;
				ONLY_ACTIVE_ARCH = YES;
				SDKROOT = iphoneos;
				SWIFT_ACTIVE_COMPILATION_CONDITIONS = DEBUG;
				SWIFT_OPTIMIZATION_LEVEL = "-Onone";
			};
			name = Debug;
		};
		65C4BF7B27DDC022009C9B42 /* Release */ = {
			isa = XCBuildConfiguration;
			buildSettings = {
				ALWAYS_SEARCH_USER_PATHS = NO;
				CLANG_ANALYZER_NONNULL = YES;
				CLANG_ANALYZER_NUMBER_OBJECT_CONVERSION = YES_AGGRESSIVE;
				CLANG_CXX_LANGUAGE_STANDARD = "gnu++17";
				CLANG_CXX_LIBRARY = "libc++";
				CLANG_ENABLE_MODULES = YES;
				CLANG_ENABLE_OBJC_ARC = YES;
				CLANG_ENABLE_OBJC_WEAK = YES;
				CLANG_WARN_BLOCK_CAPTURE_AUTORELEASING = YES;
				CLANG_WARN_BOOL_CONVERSION = YES;
				CLANG_WARN_COMMA = YES;
				CLANG_WARN_CONSTANT_CONVERSION = YES;
				CLANG_WARN_DEPRECATED_OBJC_IMPLEMENTATIONS = YES;
				CLANG_WARN_DIRECT_OBJC_ISA_USAGE = YES_ERROR;
				CLANG_WARN_DOCUMENTATION_COMMENTS = YES;
				CLANG_WARN_EMPTY_BODY = YES;
				CLANG_WARN_ENUM_CONVERSION = YES;
				CLANG_WARN_INFINITE_RECURSION = YES;
				CLANG_WARN_INT_CONVERSION = YES;
				CLANG_WARN_NON_LITERAL_NULL_CONVERSION = YES;
				CLANG_WARN_OBJC_IMPLICIT_RETAIN_SELF = YES;
				CLANG_WARN_OBJC_LITERAL_CONVERSION = YES;
				CLANG_WARN_OBJC_ROOT_CLASS = YES_ERROR;
				CLANG_WARN_QUOTED_INCLUDE_IN_FRAMEWORK_HEADER = YES;
				CLANG_WARN_RANGE_LOOP_ANALYSIS = YES;
				CLANG_WARN_STRICT_PROTOTYPES = YES;
				CLANG_WARN_SUSPICIOUS_MOVE = YES;
				CLANG_WARN_UNGUARDED_AVAILABILITY = YES_AGGRESSIVE;
				CLANG_WARN_UNREACHABLE_CODE = YES;
				CLANG_WARN__DUPLICATE_METHOD_MATCH = YES;
				COPY_PHASE_STRIP = NO;
				DEBUG_INFORMATION_FORMAT = "dwarf-with-dsym";
				ENABLE_NS_ASSERTIONS = NO;
				ENABLE_STRICT_OBJC_MSGSEND = YES;
				GCC_C_LANGUAGE_STANDARD = gnu11;
				GCC_NO_COMMON_BLOCKS = YES;
				GCC_WARN_64_TO_32_BIT_CONVERSION = YES;
				GCC_WARN_ABOUT_RETURN_TYPE = YES_ERROR;
				GCC_WARN_UNDECLARED_SELECTOR = YES;
				GCC_WARN_UNINITIALIZED_AUTOS = YES_AGGRESSIVE;
				GCC_WARN_UNUSED_FUNCTION = YES;
				GCC_WARN_UNUSED_VARIABLE = YES;
				IPHONEOS_DEPLOYMENT_TARGET = 15.2;
				MTL_ENABLE_DEBUG_INFO = NO;
				MTL_FAST_MATH = YES;
				SDKROOT = iphoneos;
				SWIFT_COMPILATION_MODE = wholemodule;
				SWIFT_OPTIMIZATION_LEVEL = "-O";
				VALIDATE_PRODUCT = YES;
			};
			name = Release;
		};
		65C4BF7D27DDC022009C9B42 /* Debug */ = {
			isa = XCBuildConfiguration;
			baseConfigurationReference = 878770FC184546BB0CE059C4 /* Pods-App20220313Email.debug.xcconfig */;
			buildSettings = {
				ASSETCATALOG_COMPILER_APPICON_NAME = AppIcon;
				ASSETCATALOG_COMPILER_GLOBAL_ACCENT_COLOR_NAME = AccentColor;
				CODE_SIGN_STYLE = Automatic;
				CURRENT_PROJECT_VERSION = 1;
				DEVELOPMENT_TEAM = QGUDE94G9E;
				GENERATE_INFOPLIST_FILE = YES;
				INFOPLIST_FILE = App20220313Email/Info.plist;
				INFOPLIST_KEY_UIApplicationSupportsIndirectInputEvents = YES;
				INFOPLIST_KEY_UILaunchStoryboardName = LaunchScreen;
				INFOPLIST_KEY_UIMainStoryboardFile = Main;
				INFOPLIST_KEY_UISupportedInterfaceOrientations_iPad = "UIInterfaceOrientationPortrait UIInterfaceOrientationPortraitUpsideDown UIInterfaceOrientationLandscapeLeft UIInterfaceOrientationLandscapeRight";
				INFOPLIST_KEY_UISupportedInterfaceOrientations_iPhone = "UIInterfaceOrientationPortrait UIInterfaceOrientationLandscapeLeft UIInterfaceOrientationLandscapeRight";
				LD_RUNPATH_SEARCH_PATHS = (
					"$(inherited)",
					"@executable_path/Frameworks",
				);
				MARKETING_VERSION = 1.0;
				PRODUCT_BUNDLE_IDENTIFIER = myyhhuang.com.App20220313Email;
				PRODUCT_NAME = "$(TARGET_NAME)";
				SWIFT_EMIT_LOC_STRINGS = YES;
				SWIFT_VERSION = 5.0;
				TARGETED_DEVICE_FAMILY = "1,2";
			};
			name = Debug;
		};
		65C4BF7E27DDC022009C9B42 /* Release */ = {
			isa = XCBuildConfiguration;
			baseConfigurationReference = 3D4DEA969A283AAFF92E4D34 /* Pods-App20220313Email.release.xcconfig */;
			buildSettings = {
				ASSETCATALOG_COMPILER_APPICON_NAME = AppIcon;
				ASSETCATALOG_COMPILER_GLOBAL_ACCENT_COLOR_NAME = AccentColor;
				CODE_SIGN_STYLE = Automatic;
				CURRENT_PROJECT_VERSION = 1;
				DEVELOPMENT_TEAM = QGUDE94G9E;
				GENERATE_INFOPLIST_FILE = YES;
				INFOPLIST_FILE = App20220313Email/Info.plist;
				INFOPLIST_KEY_UIApplicationSupportsIndirectInputEvents = YES;
				INFOPLIST_KEY_UILaunchStoryboardName = LaunchScreen;
				INFOPLIST_KEY_UIMainStoryboardFile = Main;
				INFOPLIST_KEY_UISupportedInterfaceOrientations_iPad = "UIInterfaceOrientationPortrait UIInterfaceOrientationPortraitUpsideDown UIInterfaceOrientationLandscapeLeft UIInterfaceOrientationLandscapeRight";
				INFOPLIST_KEY_UISupportedInterfaceOrientations_iPhone = "UIInterfaceOrientationPortrait UIInterfaceOrientationLandscapeLeft UIInterfaceOrientationLandscapeRight";
				LD_RUNPATH_SEARCH_PATHS = (
					"$(inherited)",
					"@executable_path/Frameworks",
				);
				MARKETING_VERSION = 1.0;
				PRODUCT_BUNDLE_IDENTIFIER = myyhhuang.com.App20220313Email;
				PRODUCT_NAME = "$(TARGET_NAME)";
				SWIFT_EMIT_LOC_STRINGS = YES;
				SWIFT_VERSION = 5.0;
				TARGETED_DEVICE_FAMILY = "1,2";
			};
			name = Release;
		};
/* End XCBuildConfiguration section */

/* Begin XCConfigurationList section */
		65C4BF6327DDC01F009C9B42 /* Build configuration list for PBXProject "App20220313Email" */ = {
			isa = XCConfigurationList;
			buildConfigurations = (
				65C4BF7A27DDC022009C9B42 /* Debug */,
				65C4BF7B27DDC022009C9B42 /* Release */,
			);
			defaultConfigurationIsVisible = 0;
			defaultConfigurationName = Release;
		};
		65C4BF7C27DDC022009C9B42 /* Build configuration list for PBXNativeTarget "App20220313Email" */ = {
			isa = XCConfigurationList;
			buildConfigurations = (
				65C4BF7D27DDC022009C9B42 /* Debug */,
				65C4BF7E27DDC022009C9B42 /* Release */,
			);
			defaultConfigurationIsVisible = 0;
			defaultConfigurationName = Release;
		};
/* End XCConfigurationList section */
	};
	rootObject = 65C4BF6027DDC01F009C9B42 /* Project object */;
}
